<Solution>
  <Folder Name="/Script/">
    <File Path="Negocio/script_db/CARGA_DATOS_DB.sql" />
    <File Path="Negocio/script_db/COMERCIO.sql" />
    <File Path="Negocio/script_db/COMERCIO_DB_Procedures.sql" />
    <File Path="Negocio/script_db/ModificarProcedureListarCompras.sql" />
    <File Path="Negocio/script_db/ModificarProcedureVentas.sql" />
  </Folder>
  <Project Path="Dominio/Dominio.csproj" Id="5d478fa1-586b-4f84-b371-09fc8259bf36" />
  <Project Path="FlexComercio/FlexComercio.csproj" Id="ee004b96-b47a-4907-83be-741a23cd3991" />
  <Project Path="Negocio/Negocio.csproj" Id="1b194f8e-541f-4b7b-a2d3-688c57763e2c" />
</Solution>
